
Microsoft Visual Studio Solution File, Format Version 12.00
# Visual Studio Version 16
VisualStudioVersion = 16.0.33130.400
MinimumVisualStudioVersion = 10.0.40219.1
Project("{FAE04EC0-301F-11D3-BF4B-00C04F79EFBC}") = "Form24", "Form24\Form24.csproj", "{C611145F-5FB9-4EB3-A0AD-F90ACA8046A6}"
EndProject
Global
	GlobalSection(SolutionConfigurationPlatforms) = preSolution
		Debug|Any CPU = Debug|Any CPU
		Release|Any CPU = Release|Any CPU
	EndGlobalSection
	GlobalSection(ProjectConfigurationPlatforms) = postSolution
		{C611145F-5FB9-4EB3-A0AD-F90ACA8046A6}.Debug|Any CPU.ActiveCfg = Debug|Any CPU
		{C611145F-5FB9-4EB3-A0AD-F90ACA8046A6}.Debug|Any CPU.Build.0 = Debug|Any CPU
		{C611145F-5FB9-4EB3-A0AD-F90ACA8046A6}.Release|Any CPU.ActiveCfg = Release|Any CPU
		{C611145F-5FB9-4EB3-A0AD-F90ACA8046A6}.Release|Any CPU.Build.0 = Release|Any CPU
	EndGlobalSection
	GlobalSection(SolutionProperties) = preSolution
		HideSolutionNode = FALSE
	EndGlobalSection
	GlobalSection(ExtensibilityGlobals) = postSolution
		SolutionGuid = {7312408D-9F0C-412F-A3FA-711E1E80B2E9}
	EndGlobalSection
EndGlobal
